
Microsoft Visual Studio Solution File, Format Version 12.00
# Visual Studio 15
VisualStudioVersion = 15.0.28307.1169
MinimumVisualStudioVersion = 10.0.40219.1
Project("{FAE04EC0-301F-11D3-BF4B-00C04F79EFBC}") = "consumirDB", "consumirDB\consumirDB.csproj", "{A8FA2A6E-9A33-45F2-BA84-DD3984565E8E}"
EndProject
Global
	GlobalSection(SolutionConfigurationPlatforms) = preSolution
		Debug|Any CPU = Debug|Any CPU
		Release|Any CPU = Release|Any CPU
	EndGlobalSection
	GlobalSection(ProjectConfigurationPlatforms) = postSolution
		{A8FA2A6E-9A33-45F2-BA84-DD3984565E8E}.Debug|Any CPU.ActiveCfg = Debug|Any CPU
		{A8FA2A6E-9A33-45F2-BA84-DD3984565E8E}.Debug|Any CPU.Build.0 = Debug|Any CPU
		{A8FA2A6E-9A33-45F2-BA84-DD3984565E8E}.Release|Any CPU.ActiveCfg = Release|Any CPU
		{A8FA2A6E-9A33-45F2-BA84-DD3984565E8E}.Release|Any CPU.Build.0 = Release|Any CPU
	EndGlobalSection
	GlobalSection(SolutionProperties) = preSolution
		HideSolutionNode = FALSE
	EndGlobalSection
	GlobalSection(ExtensibilityGlobals) = postSolution
		SolutionGuid = {11C4E542-DE97-4B73-B09F-3F7AA3FBD528}
	EndGlobalSection
EndGlobal
